
Microsoft Visual Studio Solution File, Format Version 12.00
# Visual Studio Version 17
VisualStudioVersion = 17.2.32602.215
MinimumVisualStudioVersion = 10.0.40219.1
Project("{9A19103F-16F7-4668-BE54-9A1E7A4F7556}") = "EmployeeServices", "trackingapi\EmployeeServices.csproj", "{075EDD9F-D441-41ED-AC06-65E219CDF368}"
EndProject
Project("{2150E333-8FDC-42A3-9474-1A3956D46DE8}") = "Solution Items", "Solution Items", "{FA834DE5-2247-4BFD-9444-EB8DA86DEFA4}"
	ProjectSection(SolutionItems) = preProject
		.editorconfig = .editorconfig
	EndProjectSection
EndProject
Global
	GlobalSection(SolutionConfigurationPlatforms) = preSolution
		Debug|Any CPU = Debug|Any CPU
		Release|Any CPU = Release|Any CPU
	EndGlobalSection
	GlobalSection(ProjectConfigurationPlatforms) = postSolution
		{075EDD9F-D441-41ED-AC06-65E219CDF368}.Debug|Any CPU.ActiveCfg = Debug|Any CPU
		{075EDD9F-D441-41ED-AC06-65E219CDF368}.Debug|Any CPU.Build.0 = Debug|Any CPU
		{075EDD9F-D441-41ED-AC06-65E219CDF368}.Release|Any CPU.ActiveCfg = Release|Any CPU
		{075EDD9F-D441-41ED-AC06-65E219CDF368}.Release|Any CPU.Build.0 = Release|Any CPU
	EndGlobalSection
	GlobalSection(SolutionProperties) = preSolution
		HideSolutionNode = FALSE
	EndGlobalSection
	GlobalSection(ExtensibilityGlobals) = postSolution
		SolutionGuid = {DC3761A0-0EC9-4DA8-BFE3-C5A6302C9FCE}
	EndGlobalSection
EndGlobal
